
Microsoft Visual Studio Solution File, Format Version 12.00
# Visual Studio 14
VisualStudioVersion = 14.0.25420.1
MinimumVisualStudioVersion = 10.0.40219.1
Project("{2150E333-8FDC-42A3-9474-1A3956D46DE8}") = "src", "src", "{946D5F12-BFE2-4031-9CE7-38A8EB639EE7}"
EndProject
Project("{2150E333-8FDC-42A3-9474-1A3956D46DE8}") = "Solution Items", "Solution Items", "{F3024588-F596-43B6-83BD-7916C69D822D}"
	ProjectSection(SolutionItems) = preProject
		global.json = global.json
	EndProjectSection
EndProject
Project("{8BB2217D-0F2D-49D1-97BC-3654ED321F3B}") = "mvc_project", "src\mvc_project\mvc_project.xproj", "{47C046E8-5E0F-4483-97A1-597213E9CF8C}"
EndProject
Global
	GlobalSection(SolutionConfigurationPlatforms) = preSolution
		Debug|Any CPU = Debug|Any CPU
		Release|Any CPU = Release|Any CPU
	EndGlobalSection
	GlobalSection(ProjectConfigurationPlatforms) = postSolution
		{47C046E8-5E0F-4483-97A1-597213E9CF8C}.Debug|Any CPU.ActiveCfg = Debug|Any CPU
		{47C046E8-5E0F-4483-97A1-597213E9CF8C}.Debug|Any CPU.Build.0 = Debug|Any CPU
		{47C046E8-5E0F-4483-97A1-597213E9CF8C}.Release|Any CPU.ActiveCfg = Release|Any CPU
		{47C046E8-5E0F-4483-97A1-597213E9CF8C}.Release|Any CPU.Build.0 = Release|Any CPU
	EndGlobalSection
	GlobalSection(SolutionProperties) = preSolution
		HideSolutionNode = FALSE
	EndGlobalSection
	GlobalSection(NestedProjects) = preSolution
		{47C046E8-5E0F-4483-97A1-597213E9CF8C} = {946D5F12-BFE2-4031-9CE7-38A8EB639EE7}
	EndGlobalSection
EndGlobal
